
Microsoft Visual Studio Solution File, Format Version 12.00
# Visual Studio Version 16
VisualStudioVersion = 16.0.31515.178
MinimumVisualStudioVersion = 10.0.40219.1
Project("{FAE04EC0-301F-11D3-BF4B-00C04F79EFBC}") = "SerializationandDeserialization", "SerializationandDeserialization\SerializationandDeserialization.csproj", "{4730E332-867F-4194-B673-A86FBD2949A3}"
EndProject
Global
	GlobalSection(SolutionConfigurationPlatforms) = preSolution
		Debug|Any CPU = Debug|Any CPU
		Release|Any CPU = Release|Any CPU
	EndGlobalSection
	GlobalSection(ProjectConfigurationPlatforms) = postSolution
		{4730E332-867F-4194-B673-A86FBD2949A3}.Debug|Any CPU.ActiveCfg = Debug|Any CPU
		{4730E332-867F-4194-B673-A86FBD2949A3}.Debug|Any CPU.Build.0 = Debug|Any CPU
		{4730E332-867F-4194-B673-A86FBD2949A3}.Release|Any CPU.ActiveCfg = Release|Any CPU
		{4730E332-867F-4194-B673-A86FBD2949A3}.Release|Any CPU.Build.0 = Release|Any CPU
	EndGlobalSection
	GlobalSection(SolutionProperties) = preSolution
		HideSolutionNode = FALSE
	EndGlobalSection
	GlobalSection(ExtensibilityGlobals) = postSolution
		SolutionGuid = {2C00E5E3-681A-4609-915B-F926C95DE42D}
	EndGlobalSection
EndGlobal
